// !$*UTF8*$!
{
	archiveVersion = 1;
	classes = {
	};
	objectVersion = 46;
	objects = {

/* Begin PBXBuildFile section */
		AF7ABDB2190270AD0055839A /* Foundation.framework in Frameworks */ = {isa = PBXBuildFile; fileRef = AF7ABDB1190270AD0055839A /* Foundation.framework */; };
		AF7ABDB4190270AD0055839A /* CoreGraphics.framework in Frameworks */ = {isa = PBXBuildFile; fileRef = AF7ABDB3190270AD0055839A /* CoreGraphics.framework */; };
		AF7ABDB6190270AD0055839A /* UIKit.framework in Frameworks */ = {isa = PBXBuildFile; fileRef = AF7ABDB5190270AD0055839A /* UIKit.framework */; };
		AF7ABDBC190270AD0055839A /* InfoPlist.strings in Resources */ = {isa = PBXBuildFile; fileRef = AF7ABDBA190270AD0055839A /* InfoPlist.strings */; };
		AF7ABDBE190270AD0055839A /* main.m in Sources */ = {isa = PBXBuildFile; fileRef = AF7ABDBD190270AD0055839A /* main.m */; };
		AF7ABDC2190270AD0055839A /* ShutterbugAppDelegate.m in Sources */ = {isa = PBXBuildFile; fileRef = AF7ABDC1190270AD0055839A /* ShutterbugAppDelegate.m */; };
		AF7ABDC5190270AD0055839A /* Main_iPhone.storyboard in Resources */ = {isa = PBXBuildFile; fileRef = AF7ABDC3190270AD0055839A /* Main_iPhone.storyboard */; };
		AF7ABDCB190270AD0055839A /* ShutterbugViewController.m in Sources */ = {isa = PBXBuildFile; fileRef = AF7ABDCA190270AD0055839A /* ShutterbugViewController.m */; };
		AF7ABDCD190270AD0055839A /* Images.xcassets in Resources */ = {isa = PBXBuildFile; fileRef = AF7ABDCC190270AD0055839A /* Images.xcassets */; };
		AF7ABDD4190270AD0055839A /* XCTest.framework in Frameworks */ = {isa = PBXBuildFile; fileRef = AF7ABDD3190270AD0055839A /* XCTest.framework */; };
		AF7ABDD5190270AD0055839A /* Foundation.framework in Frameworks */ = {isa = PBXBuildFile; fileRef = AF7ABDB1190270AD0055839A /* Foundation.framework */; };
		AF7ABDD6190270AD0055839A /* UIKit.framework in Frameworks */ = {isa = PBXBuildFile; fileRef = AF7ABDB5190270AD0055839A /* UIKit.framework */; };
		AF7ABDDE190270AD0055839A /* InfoPlist.strings in Resources */ = {isa = PBXBuildFile; fileRef = AF7ABDDC190270AD0055839A /* InfoPlist.strings */; };
		AF7ABDE0190270AD0055839A /* ShutterbugTests.m in Sources */ = {isa = PBXBuildFile; fileRef = AF7ABDDF190270AD0055839A /* ShutterbugTests.m */; };
		AF7ABDEB190270EC0055839A /* FlickViewController.m in Sources */ = {isa = PBXBuildFile; fileRef = AF7ABDEA190270EC0055839A /* FlickViewController.m */; };
		AF7ABDEE190272680055839A /* justPostedViewController.m in Sources */ = {isa = PBXBuildFile; fileRef = AF7ABDED190272680055839A /* justPostedViewController.m */; };
		AF7ABDF11902AF770055839A /* ImageViewController.m in Sources */ = {isa = PBXBuildFile; fileRef = AF7ABDF01902AF770055839A /* ImageViewController.m */; };
		AF7ABDF41902B4190055839A /* Main_iPad.storyboard in Resources */ = {isa = PBXBuildFile; fileRef = AF7ABDF21902B4190055839A /* Main_iPad.storyboard */; };
/* End PBXBuildFile section */

/* Begin PBXContainerItemProxy section */
		AF7ABDD7190270AD0055839A /* PBXContainerItemProxy */ = {
			isa = PBXContainerItemProxy;
			containerPortal = AF7ABDA6190270AD0055839A /* Project object */;
			proxyType = 1;
			remoteGlobalIDString = AF7ABDAD190270AD0055839A;
			remoteInfo = Shutterbug;
		};
/* End PBXContainerItemProxy section */

/* Begin PBXFileReference section */
		AF7ABDAE190270AD0055839A /* Shutterbug.app */ = {isa = PBXFileReference; explicitFileType = wrapper.application; includeInIndex = 0; path = Shutterbug.app; sourceTree = BUILT_PRODUCTS_DIR; };
		AF7ABDB1190270AD0055839A /* Foundation.framework */ = {isa = PBXFileReference; lastKnownFileType = wrapper.framework; name = Foundation.framework; path = System/Library/Frameworks/Foundation.framework; sourceTree = SDKROOT; };
		AF7ABDB3190270AD0055839A /* CoreGraphics.framework */ = {isa = PBXFileReference; lastKnownFileType = wrapper.framework; name = CoreGraphics.framework; path = System/Library/Frameworks/CoreGraphics.framework; sourceTree = SDKROOT; };
		AF7ABDB5190270AD0055839A /* UIKit.framework */ = {isa = PBXFileReference; lastKnownFileType = wrapper.framework; name = UIKit.framework; path = System/Library/Frameworks/UIKit.framework; sourceTree = SDKROOT; };
		AF7ABDB9190270AD0055839A /* Shutterbug-Info.plist */ = {isa = PBXFileReference; lastKnownFileType = text.plist.xml; path = "Shutterbug-Info.plist"; sourceTree = "<group>"; };
		AF7ABDBB190270AD0055839A /* en */ = {isa = PBXFileReference; lastKnownFileType = text.plist.strings; name = en; path = en.lproj/InfoPlist.strings; sourceTree = "<group>"; };
		AF7ABDBD190270AD0055839A /* main.m */ = {isa = PBXFileReference; lastKnownFileType = sourcecode.c.objc; path = main.m; sourceTree = "<group>"; };
		AF7ABDBF190270AD0055839A /* Shutterbug-Prefix.pch */ = {isa = PBXFileReference; lastKnownFileType = sourcecode.c.h; path = "Shutterbug-Prefix.pch"; sourceTree = "<group>"; };
		AF7ABDC0190270AD0055839A /* ShutterbugAppDelegate.h */ = {isa = PBXFileReference; lastKnownFileType = sourcecode.c.h; path = ShutterbugAppDelegate.h; sourceTree = "<group>"; };
		AF7ABDC1190270AD0055839A /* ShutterbugAppDelegate.m */ = {isa = PBXFileReference; lastKnownFileType = sourcecode.c.objc; path = ShutterbugAppDelegate.m; sourceTree = "<group>"; };
		AF7ABDC4190270AD0055839A /* Base */ = {isa = PBXFileReference; lastKnownFileType = file.storyboard; name = Base; path = Base.lproj/Main_iPhone.storyboard; sourceTree = "<group>"; };
		AF7ABDC9190270AD0055839A /* ShutterbugViewController.h */ = {isa = PBXFileReference; lastKnownFileType = sourcecode.c.h; path = ShutterbugViewController.h; sourceTree = "<group>"; };
		AF7ABDCA190270AD0055839A /* ShutterbugViewController.m */ = {isa = PBXFileReference; lastKnownFileType = sourcecode.c.objc; path = ShutterbugViewController.m; sourceTree = "<group>"; };
		AF7ABDCC190270AD0055839A /* Images.xcassets */ = {isa = PBXFileReference; lastKnownFileType = folder.assetcatalog; path = Images.xcassets; sourceTree = "<group>"; };
		AF7ABDD2190270AD0055839A /* ShutterbugTests.xctest */ = {isa = PBXFileReference; explicitFileType = wrapper.cfbundle; includeInIndex = 0; path = ShutterbugTests.xctest; sourceTree = BUILT_PRODUCTS_DIR; };
		AF7ABDD3190270AD0055839A /* XCTest.framework */ = {isa = PBXFileReference; lastKnownFileType = wrapper.framework; name = XCTest.framework; path = Library/Frameworks/XCTest.framework; sourceTree = DEVELOPER_DIR; };
		AF7ABDDB190270AD0055839A /* ShutterbugTests-Info.plist */ = {isa = PBXFileReference; lastKnownFileType = text.plist.xml; path = "ShutterbugTests-Info.plist"; sourceTree = "<group>"; };
		AF7ABDDD190270AD0055839A /* en */ = {isa = PBXFileReference; lastKnownFileType = text.plist.strings; name = en; path = en.lproj/InfoPlist.strings; sourceTree = "<group>"; };
		AF7ABDDF190270AD0055839A /* ShutterbugTests.m */ = {isa = PBXFileReference; lastKnownFileType = sourcecode.c.objc; path = ShutterbugTests.m; sourceTree = "<group>"; };
		AF7ABDE9190270EC0055839A /* FlickViewController.h */ = {isa = PBXFileReference; fileEncoding = 4; lastKnownFileType = sourcecode.c.h; path = FlickViewController.h; sourceTree = "<group>"; };
		AF7ABDEA190270EC0055839A /* FlickViewController.m */ = {isa = PBXFileReference; fileEncoding = 4; lastKnownFileType = sourcecode.c.objc; path = FlickViewController.m; sourceTree = "<group>"; };
		AF7ABDEC190272680055839A /* justPostedViewController.h */ = {isa = PBXFileReference; fileEncoding = 4; lastKnownFileType = sourcecode.c.h; path = justPostedViewController.h; sourceTree = "<group>"; };
		AF7ABDED190272680055839A /* justPostedViewController.m */ = {isa = PBXFileReference; fileEncoding = 4; lastKnownFileType = sourcecode.c.objc; path = justPostedViewController.m; sourceTree = "<group>"; };
		AF7ABDEF1902AF770055839A /* ImageViewController.h */ = {isa = PBXFileReference; fileEncoding = 4; lastKnownFileType = sourcecode.c.h; name = ImageViewController.h; path = ../../Imaginarium/Imaginarium/ImageViewController.h; sourceTree = "<group>"; };
		AF7ABDF01902AF770055839A /* ImageViewController.m */ = {isa = PBXFileReference; fileEncoding = 4; lastKnownFileType = sourcecode.c.objc; name = ImageViewController.m; path = ../../Imaginarium/Imaginarium/ImageViewController.m; sourceTree = "<group>"; };
		AF7ABDF31902B4190055839A /* Base */ = {isa = PBXFileReference; lastKnownFileType = file.storyboard; name = Base; path = Shutterbug/Base.lproj/Main_iPad.storyboard; sourceTree = "<group>"; };
/* End PBXFileReference section */

/* Begin PBXFrameworksBuildPhase section */
		AF7ABDAB190270AD0055839A /* Frameworks */ = {
			isa = PBXFrameworksBuildPhase;
			buildActionMask = 2147483647;
			files = (
				AF7ABDB4190270AD0055839A /* CoreGraphics.framework in Frameworks */,
				AF7ABDB6190270AD0055839A /* UIKit.framework in Frameworks */,
				AF7ABDB2190270AD0055839A /* Foundation.framework in Frameworks */,
			);
			runOnlyForDeploymentPostprocessing = 0;
		};
		AF7ABDCF190270AD0055839A /* Frameworks */ = {
			isa = PBXFrameworksBuildPhase;
			buildActionMask = 2147483647;
			files = (
				AF7ABDD4190270AD0055839A /* XCTest.framework in Frameworks */,
				AF7ABDD6190270AD0055839A /* UIKit.framework in Frameworks */,
				AF7ABDD5190270AD0055839A /* Foundation.framework in Frameworks */,
			);
			runOnlyForDeploymentPostprocessing = 0;
		};
/* End PBXFrameworksBuildPhase section */

/* Begin PBXGroup section */
		AF7ABDA5190270AD0055839A = {
			isa = PBXGroup;
			children = (
				AF7ABDB7190270AD0055839A /* Shutterbug */,
				AF7ABDD9190270AD0055839A /* ShutterbugTests */,
				AF7ABDB0190270AD0055839A /* Frameworks */,
				AF7ABDAF190270AD0055839A /* Products */,
			);
			sourceTree = "<group>";
		};
		AF7ABDAF190270AD0055839A /* Products */ = {
			isa = PBXGroup;
			children = (
				AF7ABDAE190270AD0055839A /* Shutterbug.app */,
				AF7ABDD2190270AD0055839A /* ShutterbugTests.xctest */,
			);
			name = Products;
			sourceTree = "<group>";
		};
		AF7ABDB0190270AD0055839A /* Frameworks */ = {
			isa = PBXGroup;
			children = (
				AF7ABDB1190270AD0055839A /* Foundation.framework */,
				AF7ABDB3190270AD0055839A /* CoreGraphics.framework */,
				AF7ABDB5190270AD0055839A /* UIKit.framework */,
				AF7ABDD3190270AD0055839A /* XCTest.framework */,
			);
			name = Frameworks;
			sourceTree = "<group>";
		};
		AF7ABDB7190270AD0055839A /* Shutterbug */ = {
			isa = PBXGroup;
			children = (
				AF7ABDC0190270AD0055839A /* ShutterbugAppDelegate.h */,
				AF7ABDC1190270AD0055839A /* ShutterbugAppDelegate.m */,
				AF7ABDE9190270EC0055839A /* FlickViewController.h */,
				AF7ABDEA190270EC0055839A /* FlickViewController.m */,
				AF7ABDEC190272680055839A /* justPostedViewController.h */,
				AF7ABDED190272680055839A /* justPostedViewController.m */,
				AF7ABDC3190270AD0055839A /* Main_iPhone.storyboard */,
				AF7ABDF21902B4190055839A /* Main_iPad.storyboard */,
				AF7ABDEF1902AF770055839A /* ImageViewController.h */,
				AF7ABDF01902AF770055839A /* ImageViewController.m */,
				AF7ABDC9190270AD0055839A /* ShutterbugViewController.h */,
				AF7ABDCA190270AD0055839A /* ShutterbugViewController.m */,
				AF7ABDCC190270AD0055839A /* Images.xcassets */,
				AF7ABDB8190270AD0055839A /* Supporting Files */,
			);
			path = Shutterbug;
			sourceTree = "<group>";
		};
		AF7ABDB8190270AD0055839A /* Supporting Files */ = {
			isa = PBXGroup;
			children = (
				AF7ABDB9190270AD0055839A /* Shutterbug-Info.plist */,
				AF7ABDBA190270AD0055839A /* InfoPlist.strings */,
				AF7ABDBD190270AD0055839A /* main.m */,
				AF7ABDBF190270AD0055839A /* Shutterbug-Prefix.pch */,
			);
			name = "Supporting Files";
			sourceTree = "<group>";
		};
		AF7ABDD9190270AD0055839A /* ShutterbugTests */ = {
			isa = PBXGroup;
			children = (
				AF7ABDDF190270AD0055839A /* ShutterbugTests.m */,
				AF7ABDDA190270AD0055839A /* Supporting Files */,
			);
			path = ShutterbugTests;
			sourceTree = "<group>";
		};
		AF7ABDDA190270AD0055839A /* Supporting Files */ = {
			isa = PBXGroup;
			children = (
				AF7ABDDB190270AD0055839A /* ShutterbugTests-Info.plist */,
				AF7ABDDC190270AD0055839A /* InfoPlist.strings */,
			);
			name = "Supporting Files";
			sourceTree = "<group>";
		};
/* End PBXGroup section */

/* Begin PBXNativeTarget section */
		AF7ABDAD190270AD0055839A /* Shutterbug */ = {
			isa = PBXNativeTarget;
			buildConfigurationList = AF7ABDE3190270AD0055839A /* Build configuration list for PBXNativeTarget "Shutterbug" */;
			buildPhases = (
				AF7ABDAA190270AD0055839A /* Sources */,
				AF7ABDAB190270AD0055839A /* Frameworks */,
				AF7ABDAC190270AD0055839A /* Resources */,
			);
			buildRules = (
			);
			dependencies = (
			);
			name = Shutterbug;
			productName = Shutterbug;
			productReference = AF7ABDAE190270AD0055839A /* Shutterbug.app */;
			productType = "com.apple.product-type.application";
		};
		AF7ABDD1190270AD0055839A /* ShutterbugTests */ = {
			isa = PBXNativeTarget;
			buildConfigurationList = AF7ABDE6190270AD0055839A /* Build configuration list for PBXNativeTarget "ShutterbugTests" */;
			buildPhases = (
				AF7ABDCE190270AD0055839A /* Sources */,
				AF7ABDCF190270AD0055839A /* Frameworks */,
				AF7ABDD0190270AD0055839A /* Resources */,
			);
			buildRules = (
			);
			dependencies = (
				AF7ABDD8190270AD0055839A /* PBXTargetDependency */,
			);
			name = ShutterbugTests;
			productName = ShutterbugTests;
			productReference = AF7ABDD2190270AD0055839A /* ShutterbugTests.xctest */;
			productType = "com.apple.product-type.bundle.unit-test";
		};
/* End PBXNativeTarget section */

/* Begin PBXProject section */
		AF7ABDA6190270AD0055839A /* Project object */ = {
			isa = PBXProject;
			attributes = {
				CLASSPREFIX = Shutterbug;
				LastUpgradeCheck = 0510;
				ORGANIZATIONNAME = elr;
				TargetAttributes = {
					AF7ABDD1190270AD0055839A = {
						TestTargetID = AF7ABDAD190270AD0055839A;
					};
				};
			};
			buildConfigurationList = AF7ABDA9190270AD0055839A /* Build configuration list for PBXProject "Shutterbug" */;
			compatibilityVersion = "Xcode 3.2";
			developmentRegion = English;
			hasScannedForEncodings = 0;
			knownRegions = (
				en,
				Base,
			);
			mainGroup = AF7ABDA5190270AD0055839A;
			productRefGroup = AF7ABDAF190270AD0055839A /* Products */;
			projectDirPath = "";
			projectRoot = "";
			targets = (
				AF7ABDAD190270AD0055839A /* Shutterbug */,
				AF7ABDD1190270AD0055839A /* ShutterbugTests */,
			);
		};
/* End PBXProject section */

/* Begin PBXResourcesBuildPhase section */
		AF7ABDAC190270AD0055839A /* Resources */ = {
			isa = PBXResourcesBuildPhase;
			buildActionMask = 2147483647;
			files = (
				AF7ABDCD190270AD0055839A /* Images.xcassets in Resources */,
				AF7ABDF41902B4190055839A /* Main_iPad.storyboard in Resources */,
				AF7ABDC5190270AD0055839A /* Main_iPhone.storyboard in Resources */,
				AF7ABDBC190270AD0055839A /* InfoPlist.strings in Resources */,
			);
			runOnlyForDeploymentPostprocessing = 0;
		};
		AF7ABDD0190270AD0055839A /* Resources */ = {
			isa = PBXResourcesBuildPhase;
			buildActionMask = 2147483647;
			files = (
				AF7ABDDE190270AD0055839A /* InfoPlist.strings in Resources */,
			);
			runOnlyForDeploymentPostprocessing = 0;
		};
/* End PBXResourcesBuildPhase section */

/* Begin PBXSourcesBuildPhase section */
		AF7ABDAA190270AD0055839A /* Sources */ = {
			isa = PBXSourcesBuildPhase;
			buildActionMask = 2147483647;
			files = (
				AF7ABDF11902AF770055839A /* ImageViewController.m in Sources */,
				AF7ABDEB190270EC0055839A /* FlickViewController.m in Sources */,
				AF7ABDEE190272680055839A /* justPostedViewController.m in Sources */,
				AF7ABDBE190270AD0055839A /* main.m in Sources */,
				AF7ABDCB190270AD0055839A /* ShutterbugViewController.m in Sources */,
				AF7ABDC2190270AD0055839A /* ShutterbugAppDelegate.m in Sources */,
			);
			runOnlyForDeploymentPostprocessing = 0;
		};
		AF7ABDCE190270AD0055839A /* Sources */ = {
			isa = PBXSourcesBuildPhase;
			buildActionMask = 2147483647;
			files = (
				AF7ABDE0190270AD0055839A /* ShutterbugTests.m in Sources */,
			);
			runOnlyForDeploymentPostprocessing = 0;
		};
/* End PBXSourcesBuildPhase section */

/* Begin PBXTargetDependency section */
		AF7ABDD8190270AD0055839A /* PBXTargetDependency */ = {
			isa = PBXTargetDependency;
			target = AF7ABDAD190270AD0055839A /* Shutterbug */;
			targetProxy = AF7ABDD7190270AD0055839A /* PBXContainerItemProxy */;
		};
/* End PBXTargetDependency section */

/* Begin PBXVariantGroup section */
		AF7ABDBA190270AD0055839A /* InfoPlist.strings */ = {
			isa = PBXVariantGroup;
			children = (
				AF7ABDBB190270AD0055839A /* en */,
			);
			name = InfoPlist.strings;
			sourceTree = "<group>";
		};
		AF7ABDC3190270AD0055839A /* Main_iPhone.storyboard */ = {
			isa = PBXVariantGroup;
			children = (
				AF7ABDC4190270AD0055839A /* Base */,
			);
			name = Main_iPhone.storyboard;
			sourceTree = "<group>";
		};
		AF7ABDDC190270AD0055839A /* InfoPlist.strings */ = {
			isa = PBXVariantGroup;
			children = (
				AF7ABDDD190270AD0055839A /* en */,
			);
			name = InfoPlist.strings;
			sourceTree = "<group>";
		};
		AF7ABDF21902B4190055839A /* Main_iPad.storyboard */ = {
			isa = PBXVariantGroup;
			children = (
				AF7ABDF31902B4190055839A /* Base */,
			);
			name = Main_iPad.storyboard;
			path = ..;
			sourceTree = "<group>";
		};
/* End PBXVariantGroup section */

/* Begin XCBuildConfiguration section */
		AF7ABDE1190270AD0055839A /* Debug */ = {
			isa = XCBuildConfiguration;
			buildSettings = {
				ALWAYS_SEARCH_USER_PATHS = NO;
				CLANG_CXX_LANGUAGE_STANDARD = "gnu++0x";
				CLANG_CXX_LIBRARY = "libc++";
				CLANG_ENABLE_MODULES = YES;
				CLANG_ENABLE_OBJC_ARC = YES;
				CLANG_WARN_BOOL_CONVERSION = YES;
				CLANG_WARN_CONSTANT_CONVERSION = YES;
				CLANG_WARN_DIRECT_OBJC_ISA_USAGE = YES_ERROR;
				CLANG_WARN_EMPTY_BODY = YES;
				CLANG_WARN_ENUM_CONVERSION = YES;
				CLANG_WARN_INT_CONVERSION = YES;
				CLANG_WARN_OBJC_ROOT_CLASS = YES_ERROR;
				CLANG_WARN__DUPLICATE_METHOD_MATCH = YES;
				"CODE_SIGN_IDENTITY[sdk=iphoneos*]" = "iPhone Developer";
				COPY_PHASE_STRIP = NO;
				GCC_C_LANGUAGE_STANDARD = gnu99;
				GCC_DYNAMIC_NO_PIC = NO;
				GCC_OPTIMIZATION_LEVEL = 0;
				GCC_PREPROCESSOR_DEFINITIONS = (
					"DEBUG=1",
					"$(inherited)",
				);
				GCC_SYMBOLS_PRIVATE_EXTERN = NO;
				GCC_WARN_64_TO_32_BIT_CONVERSION = YES;
				GCC_WARN_ABOUT_RETURN_TYPE = YES_ERROR;
				GCC_WARN_UNDECLARED_SELECTOR = YES;
				GCC_WARN_UNINITIALIZED_AUTOS = YES_AGGRESSIVE;
				GCC_WARN_UNUSED_FUNCTION = YES;
				GCC_WARN_UNUSED_VARIABLE = YES;
				IPHONEOS_DEPLOYMENT_TARGET = 7.1;
				ONLY_ACTIVE_ARCH = YES;
				SDKROOT = iphoneos;
				TARGETED_DEVICE_FAMILY = "1,2";
			};
			name = Debug;
		};
		AF7ABDE2190270AD0055839A /* Release */ = {
			isa = XCBuildConfiguration;
			buildSettings = {
				ALWAYS_SEARCH_USER_PATHS = NO;
				CLANG_CXX_LANGUAGE_STANDARD = "gnu++0x";
				CLANG_CXX_LIBRARY = "libc++";
				CLANG_ENABLE_MODULES = YES;
				CLANG_ENABLE_OBJC_ARC = YES;
				CLANG_WARN_BOOL_CONVERSION = YES;
				CLANG_WARN_CONSTANT_CONVERSION = YES;
				CLANG_WARN_DIRECT_OBJC_ISA_USAGE = YES_ERROR;
				CLANG_WARN_EMPTY_BODY = YES;
				CLANG_WARN_ENUM_CONVERSION = YES;
				CLANG_WARN_INT_CONVERSION = YES;
				CLANG_WARN_OBJC_ROOT_CLASS = YES_ERROR;
				CLANG_WARN__DUPLICATE_METHOD_MATCH = YES;
				"CODE_SIGN_IDENTITY[sdk=iphoneos*]" = "iPhone Developer";
				COPY_PHASE_STRIP = YES;
				ENABLE_NS_ASSERTIONS = NO;
				GCC_C_LANGUAGE_STANDARD = gnu99;
				GCC_WARN_64_TO_32_BIT_CONVERSION = YES;
				GCC_WARN_ABOUT_RETURN_TYPE = YES_ERROR;
				GCC_WARN_UNDECLARED_SELECTOR = YES;
				GCC_WARN_UNINITIALIZED_AUTOS = YES_AGGRESSIVE;
				GCC_WARN_UNUSED_FUNCTION = YES;
				GCC_WARN_UNUSED_VARIABLE = YES;
				IPHONEOS_DEPLOYMENT_TARGET = 7.1;
				SDKROOT = iphoneos;
				TARGETED_DEVICE_FAMILY = "1,2";
				VALIDATE_PRODUCT = YES;
			};
			name = Release;
		};
		AF7ABDE4190270AD0055839A /* Debug */ = {
			isa = XCBuildConfiguration;
			buildSettings = {
				ASSETCATALOG_COMPILER_APPICON_NAME = AppIcon;
				ASSETCATALOG_COMPILER_LAUNCHIMAGE_NAME = LaunchImage;
				GCC_PRECOMPILE_PREFIX_HEADER = YES;
				GCC_PREFIX_HEADER = "Shutterbug/Shutterbug-Prefix.pch";
				INFOPLIST_FILE = "Shutterbug/Shutterbug-Info.plist";
				PRODUCT_NAME = "$(TARGET_NAME)";
				WRAPPER_EXTENSION = app;
			};
			name = Debug;
		};
		AF7ABDE5190270AD0055839A /* Release */ = {
			isa = XCBuildConfiguration;
			buildSettings = {
				ASSETCATALOG_COMPILER_APPICON_NAME = AppIcon;
				ASSETCATALOG_COMPILER_LAUNCHIMAGE_NAME = LaunchImage;
				GCC_PRECOMPILE_PREFIX_HEADER = YES;
				GCC_PREFIX_HEADER = "Shutterbug/Shutterbug-Prefix.pch";
				INFOPLIST_FILE = "Shutterbug/Shutterbug-Info.plist";
				PRODUCT_NAME = "$(TARGET_NAME)";
				WRAPPER_EXTENSION = app;
			};
			name = Release;
		};
		AF7ABDE7190270AD0055839A /* Debug */ = {
			isa = XCBuildConfiguration;
			buildSettings = {
				BUNDLE_LOADER = "$(BUILT_PRODUCTS_DIR)/Shutterbug.app/Shutterbug";
				FRAMEWORK_SEARCH_PATHS = (
					"$(SDKROOT)/Developer/Library/Frameworks",
					"$(inherited)",
					"$(DEVELOPER_FRAMEWORKS_DIR)",
				);
				GCC_PRECOMPILE_PREFIX_HEADER = YES;
				GCC_PREFIX_HEADER = "Shutterbug/Shutterbug-Prefix.pch";
				GCC_PREPROCESSOR_DEFINITIONS = (
					"DEBUG=1",
					"$(inherited)",
				);
				INFOPLIST_FILE = "ShutterbugTests/ShutterbugTests-Info.plist";
				PRODUCT_NAME = "$(TARGET_NAME)";
				TEST_HOST = "$(BUNDLE_LOADER)";
				WRAPPER_EXTENSION = xctest;
			};
			name = Debug;
		};
		AF7ABDE8190270AD0055839A /* Release */ = {
			isa = XCBuildConfiguration;
			buildSettings = {
				BUNDLE_LOADER = "$(BUILT_PRODUCTS_DIR)/Shutterbug.app/Shutterbug";
				FRAMEWORK_SEARCH_PATHS = (
					"$(SDKROOT)/Developer/Library/Frameworks",
					"$(inherited)",
					"$(DEVELOPER_FRAMEWORKS_DIR)",
				);
				GCC_PRECOMPILE_PREFIX_HEADER = YES;
				GCC_PREFIX_HEADER = "Shutterbug/Shutterbug-Prefix.pch";
				INFOPLIST_FILE = "ShutterbugTests/ShutterbugTests-Info.plist";
				PRODUCT_NAME = "$(TARGET_NAME)";
				TEST_HOST = "$(BUNDLE_LOADER)";
				WRAPPER_EXTENSION = xctest;
			};
			name = Release;
		};
/* End XCBuildConfiguration section */

/* Begin XCConfigurationList section */
		AF7ABDA9190270AD0055839A /* Build configuration list for PBXProject "Shutterbug" */ = {
			isa = XCConfigurationList;
			buildConfigurations = (
				AF7ABDE1190270AD0055839A /* Debug */,
				AF7ABDE2190270AD0055839A /* Release */,
			);
			defaultConfigurationIsVisible = 0;
			defaultConfigurationName = Release;
		};
		AF7ABDE3190270AD0055839A /* Build configuration list for PBXNativeTarget "Shutterbug" */ = {
			isa = XCConfigurationList;
			buildConfigurations = (
				AF7ABDE4190270AD0055839A /* Debug */,
				AF7ABDE5190270AD0055839A /* Release */,
			);
			defaultConfigurationIsVisible = 0;
		};
		AF7ABDE6190270AD0055839A /* Build configuration list for PBXNativeTarget "ShutterbugTests" */ = {
			isa = XCConfigurationList;
			buildConfigurations = (
				AF7ABDE7190270AD0055839A /* Debug */,
				AF7ABDE8190270AD0055839A /* Release */,
			);
			defaultConfigurationIsVisible = 0;
		};
/* End XCConfigurationList section */
	};
	rootObject = AF7ABDA6190270AD0055839A /* Project object */;
}
